
Microsoft Visual Studio Solution File, Format Version 12.00
# Visual Studio Version 16
VisualStudioVersion = 16.0.31205.134
MinimumVisualStudioVersion = 10.0.40219.1
Project("{8BC9CEB8-8B4A-11D0-8D11-00A0C91BC942}") = "baran_vladislav_winapi_lab02", "baran_vladislav_winapi_lab02\baran_vladislav_winapi_lab02.vcxproj", "{0F938C22-8408-47A4-B9A3-D25CD982FA46}"
EndProject
Global
	GlobalSection(SolutionConfigurationPlatforms) = preSolution
		Debug|x64 = Debug|x64
		Debug|x86 = Debug|x86
		Release|x64 = Release|x64
		Release|x86 = Release|x86
	EndGlobalSection
	GlobalSection(ProjectConfigurationPlatforms) = postSolution
		{0F938C22-8408-47A4-B9A3-D25CD982FA46}.Debug|x64.ActiveCfg = Debug|x64
		{0F938C22-8408-47A4-B9A3-D25CD982FA46}.Debug|x64.Build.0 = Debug|x64
		{0F938C22-8408-47A4-B9A3-D25CD982FA46}.Debug|x86.ActiveCfg = Debug|Win32
		{0F938C22-8408-47A4-B9A3-D25CD982FA46}.Debug|x86.Build.0 = Debug|Win32
		{0F938C22-8408-47A4-B9A3-D25CD982FA46}.Release|x64.ActiveCfg = Release|x64
		{0F938C22-8408-47A4-B9A3-D25CD982FA46}.Release|x64.Build.0 = Release|x64
		{0F938C22-8408-47A4-B9A3-D25CD982FA46}.Release|x86.ActiveCfg = Release|Win32
		{0F938C22-8408-47A4-B9A3-D25CD982FA46}.Release|x86.Build.0 = Release|Win32
	EndGlobalSection
	GlobalSection(SolutionProperties) = preSolution
		HideSolutionNode = FALSE
	EndGlobalSection
	GlobalSection(ExtensibilityGlobals) = postSolution
		SolutionGuid = {32B70206-BEE7-47F0-866F-F16C94D7944E}
	EndGlobalSection
EndGlobal
